
Microsoft Visual Studio Solution File, Format Version 12.00
# Visual Studio Version 17
VisualStudioVersion = 17.2.32616.157
MinimumVisualStudioVersion = 10.0.40219.1
Project("{FAE04EC0-301F-11D3-BF4B-00C04F79EFBC}") = "Haiderfayyaz0009", "Haiderfayyaz0009\Haiderfayyaz0009.csproj", "{22FBAEFB-44D1-4A2C-84E5-DD61F5B18963}"
EndProject
Global
	GlobalSection(SolutionConfigurationPlatforms) = preSolution
		Debug|Any CPU = Debug|Any CPU
		Release|Any CPU = Release|Any CPU
	EndGlobalSection
	GlobalSection(ProjectConfigurationPlatforms) = postSolution
		{22FBAEFB-44D1-4A2C-84E5-DD61F5B18963}.Debug|Any CPU.ActiveCfg = Debug|Any CPU
		{22FBAEFB-44D1-4A2C-84E5-DD61F5B18963}.Debug|Any CPU.Build.0 = Debug|Any CPU
		{22FBAEFB-44D1-4A2C-84E5-DD61F5B18963}.Release|Any CPU.ActiveCfg = Release|Any CPU
		{22FBAEFB-44D1-4A2C-84E5-DD61F5B18963}.Release|Any CPU.Build.0 = Release|Any CPU
	EndGlobalSection
	GlobalSection(SolutionProperties) = preSolution
		HideSolutionNode = FALSE
	EndGlobalSection
	GlobalSection(ExtensibilityGlobals) = postSolution
		SolutionGuid = {68DA2130-FFF9-4EA4-962F-6776D86250E6}
	EndGlobalSection
EndGlobal
